
Microsoft Visual Studio Solution File, Format Version 12.00
# Visual Studio Version 17
VisualStudioVersion = 17.8.34330.188
MinimumVisualStudioVersion = 10.0.40219.1
Project("{FAE04EC0-301F-11D3-BF4B-00C04F79EFBC}") = "Lab61", "Lab61\Lab61.csproj", "{834AB43E-EFD2-4259-8169-B42FB7E494DE}"
EndProject
Global
	GlobalSection(SolutionConfigurationPlatforms) = preSolution
		Debug|Any CPU = Debug|Any CPU
		Release|Any CPU = Release|Any CPU
	EndGlobalSection
	GlobalSection(ProjectConfigurationPlatforms) = postSolution
		{834AB43E-EFD2-4259-8169-B42FB7E494DE}.Debug|Any CPU.ActiveCfg = Debug|Any CPU
		{834AB43E-EFD2-4259-8169-B42FB7E494DE}.Debug|Any CPU.Build.0 = Debug|Any CPU
		{834AB43E-EFD2-4259-8169-B42FB7E494DE}.Release|Any CPU.ActiveCfg = Release|Any CPU
		{834AB43E-EFD2-4259-8169-B42FB7E494DE}.Release|Any CPU.Build.0 = Release|Any CPU
	EndGlobalSection
	GlobalSection(SolutionProperties) = preSolution
		HideSolutionNode = FALSE
	EndGlobalSection
	GlobalSection(ExtensibilityGlobals) = postSolution
		SolutionGuid = {A22B69F7-5133-4AE5-8516-2D5CC136B8B9}
	EndGlobalSection
EndGlobal
